
Microsoft Visual Studio Solution File, Format Version 12.00
# Visual Studio 15
VisualStudioVersion = 15.0.27004.2010
MinimumVisualStudioVersion = 10.0.40219.1
Project("{FAE04EC0-301F-11D3-BF4B-00C04F79EFBC}") = "WbTest", "WbTest\WbTest.csproj", "{271B1FC2-1853-48E1-87AB-4C89F05803FE}"
EndProject
Global
	GlobalSection(SolutionConfigurationPlatforms) = preSolution
		Debug|Any CPU = Debug|Any CPU
		Debug|x64 = Debug|x64
		Release|Any CPU = Release|Any CPU
		Release|x64 = Release|x64
	EndGlobalSection
	GlobalSection(ProjectConfigurationPlatforms) = postSolution
		{271B1FC2-1853-48E1-87AB-4C89F05803FE}.Debug|Any CPU.ActiveCfg = Debug|Any CPU
		{271B1FC2-1853-48E1-87AB-4C89F05803FE}.Debug|Any CPU.Build.0 = Debug|Any CPU
		{271B1FC2-1853-48E1-87AB-4C89F05803FE}.Debug|x64.ActiveCfg = Debug|x64
		{271B1FC2-1853-48E1-87AB-4C89F05803FE}.Debug|x64.Build.0 = Debug|x64
		{271B1FC2-1853-48E1-87AB-4C89F05803FE}.Release|Any CPU.ActiveCfg = Release|Any CPU
		{271B1FC2-1853-48E1-87AB-4C89F05803FE}.Release|Any CPU.Build.0 = Release|Any CPU
		{271B1FC2-1853-48E1-87AB-4C89F05803FE}.Release|x64.ActiveCfg = Release|x64
		{271B1FC2-1853-48E1-87AB-4C89F05803FE}.Release|x64.Build.0 = Release|x64
	EndGlobalSection
	GlobalSection(SolutionProperties) = preSolution
		HideSolutionNode = FALSE
	EndGlobalSection
	GlobalSection(ExtensibilityGlobals) = postSolution
		SolutionGuid = {538DF2E8-614D-4C7D-BB87-A11C91F956E8}
	EndGlobalSection
EndGlobal
